
Microsoft Visual Studio Solution File, Format Version 12.00
# Visual Studio 14
VisualStudioVersion = 14.0.25420.1
MinimumVisualStudioVersion = 10.0.40219.1
Project("{FAE04EC0-301F-11D3-BF4B-00C04F79EFBC}") = "DnD_DM_Manager", "DnD_DM_Manager\DnD_DM_Manager.csproj", "{EAB3EEAD-58BF-4F6B-9904-7D2EAE5843A5}"
	ProjectSection(ProjectDependencies) = postProject
		{B45EEA76-1942-45B2-9BCD-FA8C0631D389} = {B45EEA76-1942-45B2-9BCD-FA8C0631D389}
	EndProjectSection
EndProject
Project("{FAE04EC0-301F-11D3-BF4B-00C04F79EFBC}") = "DnD_dll", "DnD_dll\DnD_dll.csproj", "{B45EEA76-1942-45B2-9BCD-FA8C0631D389}"
EndProject
Global
	GlobalSection(SolutionConfigurationPlatforms) = preSolution
		Debug|Any CPU = Debug|Any CPU
		Release|Any CPU = Release|Any CPU
	EndGlobalSection
	GlobalSection(ProjectConfigurationPlatforms) = postSolution
		{EAB3EEAD-58BF-4F6B-9904-7D2EAE5843A5}.Debug|Any CPU.ActiveCfg = Debug|Any CPU
		{EAB3EEAD-58BF-4F6B-9904-7D2EAE5843A5}.Debug|Any CPU.Build.0 = Debug|Any CPU
		{EAB3EEAD-58BF-4F6B-9904-7D2EAE5843A5}.Release|Any CPU.ActiveCfg = Release|Any CPU
		{EAB3EEAD-58BF-4F6B-9904-7D2EAE5843A5}.Release|Any CPU.Build.0 = Release|Any CPU
		{B45EEA76-1942-45B2-9BCD-FA8C0631D389}.Debug|Any CPU.ActiveCfg = Debug|Any CPU
		{B45EEA76-1942-45B2-9BCD-FA8C0631D389}.Debug|Any CPU.Build.0 = Debug|Any CPU
		{B45EEA76-1942-45B2-9BCD-FA8C0631D389}.Release|Any CPU.ActiveCfg = Release|Any CPU
		{B45EEA76-1942-45B2-9BCD-FA8C0631D389}.Release|Any CPU.Build.0 = Release|Any CPU
	EndGlobalSection
	GlobalSection(SolutionProperties) = preSolution
		HideSolutionNode = FALSE
	EndGlobalSection
EndGlobal
